
Microsoft Visual Studio Solution File, Format Version 12.00
# Visual Studio Version 16
VisualStudioVersion = 16.0.30711.63
MinimumVisualStudioVersion = 10.0.40219.1
Project("{FAE04EC0-301F-11D3-BF4B-00C04F79EFBC}") = "Broker", "Broker\Broker.csproj", "{676DFA15-7649-4870-9E3F-87BA65D5B8EB}"
EndProject
Project("{FAE04EC0-301F-11D3-BF4B-00C04F79EFBC}") = "Domen", "Domen\Domen.csproj", "{F0D6E7A3-B910-4869-986A-8B228FF6905B}"
EndProject
Project("{FAE04EC0-301F-11D3-BF4B-00C04F79EFBC}") = "Kontroler", "Kontroler\Kontroler.csproj", "{5927A47D-C154-4E3C-A5BE-8992F4B553EE}"
EndProject
Project("{FAE04EC0-301F-11D3-BF4B-00C04F79EFBC}") = "Forme", "Forme\Forme.csproj", "{B42B2238-3AFB-47EF-B54E-26AD648CAD34}"
EndProject
Global
	GlobalSection(SolutionConfigurationPlatforms) = preSolution
		Debug|Any CPU = Debug|Any CPU
		Release|Any CPU = Release|Any CPU
	EndGlobalSection
	GlobalSection(ProjectConfigurationPlatforms) = postSolution
		{676DFA15-7649-4870-9E3F-87BA65D5B8EB}.Debug|Any CPU.ActiveCfg = Debug|Any CPU
		{676DFA15-7649-4870-9E3F-87BA65D5B8EB}.Debug|Any CPU.Build.0 = Debug|Any CPU
		{676DFA15-7649-4870-9E3F-87BA65D5B8EB}.Release|Any CPU.ActiveCfg = Release|Any CPU
		{676DFA15-7649-4870-9E3F-87BA65D5B8EB}.Release|Any CPU.Build.0 = Release|Any CPU
		{F0D6E7A3-B910-4869-986A-8B228FF6905B}.Debug|Any CPU.ActiveCfg = Debug|Any CPU
		{F0D6E7A3-B910-4869-986A-8B228FF6905B}.Debug|Any CPU.Build.0 = Debug|Any CPU
		{F0D6E7A3-B910-4869-986A-8B228FF6905B}.Release|Any CPU.ActiveCfg = Release|Any CPU
		{F0D6E7A3-B910-4869-986A-8B228FF6905B}.Release|Any CPU.Build.0 = Release|Any CPU
		{5927A47D-C154-4E3C-A5BE-8992F4B553EE}.Debug|Any CPU.ActiveCfg = Debug|Any CPU
		{5927A47D-C154-4E3C-A5BE-8992F4B553EE}.Debug|Any CPU.Build.0 = Debug|Any CPU
		{5927A47D-C154-4E3C-A5BE-8992F4B553EE}.Release|Any CPU.ActiveCfg = Release|Any CPU
		{5927A47D-C154-4E3C-A5BE-8992F4B553EE}.Release|Any CPU.Build.0 = Release|Any CPU
		{B42B2238-3AFB-47EF-B54E-26AD648CAD34}.Debug|Any CPU.ActiveCfg = Debug|Any CPU
		{B42B2238-3AFB-47EF-B54E-26AD648CAD34}.Debug|Any CPU.Build.0 = Debug|Any CPU
		{B42B2238-3AFB-47EF-B54E-26AD648CAD34}.Release|Any CPU.ActiveCfg = Release|Any CPU
		{B42B2238-3AFB-47EF-B54E-26AD648CAD34}.Release|Any CPU.Build.0 = Release|Any CPU
	EndGlobalSection
	GlobalSection(SolutionProperties) = preSolution
		HideSolutionNode = FALSE
	EndGlobalSection
	GlobalSection(ExtensibilityGlobals) = postSolution
		SolutionGuid = {47E844D8-1EA4-4070-8504-A6C1057E70A4}
	EndGlobalSection
EndGlobal
